
Microsoft Visual Studio Solution File, Format Version 12.00
# Visual Studio Version 17
VisualStudioVersion = 17.6.33815.320
MinimumVisualStudioVersion = 10.0.40219.1
Project("{9A19103F-16F7-4668-BE54-9A1E7A4F7556}") = "Casgem_API_Project", "Casgem_API_Project\Casgem_API_Project.csproj", "{8E47D942-7B57-4942-A4CB-73E9DAA00389}"
EndProject
Project("{9A19103F-16F7-4668-BE54-9A1E7A4F7556}") = "Casgem_Api", "Casgem_Api\Casgem_Api.csproj", "{B1E753E0-34E6-4A43-9E63-B7D61175220F}"
EndProject
Project("{9A19103F-16F7-4668-BE54-9A1E7A4F7556}") = "DataAccessLayer", "DataAccessLayer\DataAccessLayer.csproj", "{CD865911-55D2-4160-A613-2575328FEFF1}"
EndProject
Project("{9A19103F-16F7-4668-BE54-9A1E7A4F7556}") = "EntityLayer", "EntityLayer\EntityLayer.csproj", "{F2668086-E348-4281-8030-0B53E2F67DF7}"
EndProject
Project("{9A19103F-16F7-4668-BE54-9A1E7A4F7556}") = "DTOLayer", "DTOLayer\DTOLayer.csproj", "{08758FAF-F150-420E-8EAA-11FA3475D51F}"
EndProject
Global
	GlobalSection(SolutionConfigurationPlatforms) = preSolution
		Debug|Any CPU = Debug|Any CPU
		Release|Any CPU = Release|Any CPU
	EndGlobalSection
	GlobalSection(ProjectConfigurationPlatforms) = postSolution
		{8E47D942-7B57-4942-A4CB-73E9DAA00389}.Debug|Any CPU.ActiveCfg = Debug|Any CPU
		{8E47D942-7B57-4942-A4CB-73E9DAA00389}.Debug|Any CPU.Build.0 = Debug|Any CPU
		{8E47D942-7B57-4942-A4CB-73E9DAA00389}.Release|Any CPU.ActiveCfg = Release|Any CPU
		{8E47D942-7B57-4942-A4CB-73E9DAA00389}.Release|Any CPU.Build.0 = Release|Any CPU
		{B1E753E0-34E6-4A43-9E63-B7D61175220F}.Debug|Any CPU.ActiveCfg = Debug|Any CPU
		{B1E753E0-34E6-4A43-9E63-B7D61175220F}.Debug|Any CPU.Build.0 = Debug|Any CPU
		{B1E753E0-34E6-4A43-9E63-B7D61175220F}.Release|Any CPU.ActiveCfg = Release|Any CPU
		{B1E753E0-34E6-4A43-9E63-B7D61175220F}.Release|Any CPU.Build.0 = Release|Any CPU
		{CD865911-55D2-4160-A613-2575328FEFF1}.Debug|Any CPU.ActiveCfg = Debug|Any CPU
		{CD865911-55D2-4160-A613-2575328FEFF1}.Debug|Any CPU.Build.0 = Debug|Any CPU
		{CD865911-55D2-4160-A613-2575328FEFF1}.Release|Any CPU.ActiveCfg = Release|Any CPU
		{CD865911-55D2-4160-A613-2575328FEFF1}.Release|Any CPU.Build.0 = Release|Any CPU
		{F2668086-E348-4281-8030-0B53E2F67DF7}.Debug|Any CPU.ActiveCfg = Debug|Any CPU
		{F2668086-E348-4281-8030-0B53E2F67DF7}.Debug|Any CPU.Build.0 = Debug|Any CPU
		{F2668086-E348-4281-8030-0B53E2F67DF7}.Release|Any CPU.ActiveCfg = Release|Any CPU
		{F2668086-E348-4281-8030-0B53E2F67DF7}.Release|Any CPU.Build.0 = Release|Any CPU
		{08758FAF-F150-420E-8EAA-11FA3475D51F}.Debug|Any CPU.ActiveCfg = Debug|Any CPU
		{08758FAF-F150-420E-8EAA-11FA3475D51F}.Debug|Any CPU.Build.0 = Debug|Any CPU
		{08758FAF-F150-420E-8EAA-11FA3475D51F}.Release|Any CPU.ActiveCfg = Release|Any CPU
		{08758FAF-F150-420E-8EAA-11FA3475D51F}.Release|Any CPU.Build.0 = Release|Any CPU
	EndGlobalSection
	GlobalSection(SolutionProperties) = preSolution
		HideSolutionNode = FALSE
	EndGlobalSection
	GlobalSection(ExtensibilityGlobals) = postSolution
		SolutionGuid = {771657A9-5998-4FD4-B873-A6FD066C9835}
	EndGlobalSection
EndGlobal
